{
    "_readme": [
        "This file locks the dependencies of your project to a known state",
        "Read more about it at https://getcomposer.org/doc/01-basic-usage.md#composer-lock-the-lock-file",
        "This file is @generated automatically"
    ],
    "hash": "60bb262caaed67518c6a304e50ace646",
    "content-hash": "e30062d5af7254f7699dbb7a729a4356",
    "packages": [
        {
            "name": "denchikby/phalcon-mongodb-odm",
            "version": "dev-master",
            "source": {
                "type": "git",
                "url": "https://github.com/DenchikBY/Phalcon-MongoDB-ODM.git",
                "reference": "ba46f348a71731bc1bbfd1006d30f8a56d3cc4f1"
            },
            "dist": {
                "type": "zip",
                "url": "https://api.github.com/repos/DenchikBY/Phalcon-MongoDB-ODM/zipball/ba46f348a71731bc1bbfd1006d30f8a56d3cc4f1",
                "reference": "ba46f348a71731bc1bbfd1006d30f8a56d3cc4f1",
                "shasum": ""
            },
            "require": {
                "ext-mongodb": "*",
                "mongodb/mongodb": "^1.0"
            },
            "require-dev": {
                "phalcon/devtools": "^3.2"
            },
            "type": "library",
            "autoload": {
                "psr-4": {
                    "DenchikBY\\MongoDB\\": "src/MongoDB"
                }
            },
            "notification-url": "https://packagist.org/downloads/",
            "license": [
                "MIT"
            ],
            "authors": [
                {
                    "name": "Denis Butko",
                    "email": "butko.denis.95@gmail.com",
                    "homepage": "http://github.com/DenchikBY"
                }
            ],
            "description": "Phalcon MongoDB ODM",
            "keywords": [
                "mongo",
                "mongodb",
                "odm",
                "orm",
                "phalcon",
                "php"
            ],
            "time": "2017-07-17 14:43:03"
        },
        {
            "name": "mongodb/mongodb",
            "version": "1.2.0",
            "source": {
                "type": "git",
                "url": "https://github.com/mongodb/mongo-php-library.git",
                "reference": "5cffeb33b893b6bb04195b99ddc3955a29252339"
            },
            "dist": {
                "type": "zip",
                "url": "https://api.github.com/repos/mongodb/mongo-php-library/zipball/5cffeb33b893b6bb04195b99ddc3955a29252339",
                "reference": "5cffeb33b893b6bb04195b99ddc3955a29252339",
                "shasum": ""
            },
            "require": {
                "ext-hash": "*",
                "ext-json": "*",
                "ext-mongodb": "^1.3.0",
                "php": ">=5.5"
            },
            "require-dev": {
                "phpunit/phpunit": "^4.8"
            },
            "type": "library",
            "autoload": {
                "psr-4": {
                    "MongoDB\\": "src/"
                },
                "files": [
                    "src/functions.php"
                ]
            },
            "notification-url": "https://packagist.org/downloads/",
            "license": [
                "Apache-2.0"
            ],
            "authors": [
                {
                    "name": "Jeremy Mikola",
                    "email": "jmikola@gmail.com"
                },
                {
                    "name": "Hannes Magnusson",
                    "email": "bjori@mongodb.com"
                },
                {
                    "name": "Derick Rethans",
                    "email": "github@derickrethans.nl"
                }
            ],
            "description": "MongoDB driver library",
            "homepage": "https://jira.mongodb.org/browse/PHPLIB",
            "keywords": [
                "database",
                "driver",
                "mongodb",
                "persistence"
            ],
            "time": "2017-10-27 19:42:57"
        }
    ],
    "packages-dev": [
        {
            "name": "phalcon/dd",
            "version": "v1.1.0",
            "source": {
                "type": "git",
                "url": "https://github.com/phalcon/dd.git",
                "reference": "bc3b3404f2af4fa04301a7eadce2b2c6281cbad4"
            },
            "dist": {
                "type": "zip",
                "url": "https://api.github.com/repos/phalcon/dd/zipball/bc3b3404f2af4fa04301a7eadce2b2c6281cbad4",
                "reference": "bc3b3404f2af4fa04301a7eadce2b2c6281cbad4",
                "shasum": ""
            },
            "require": {
                "ext-phalcon": ">=3.0",
                "php": ">= 5.4  <8.0"
            },
            "type": "library",
            "autoload": {
                "files": [
                    "src/helper.php"
                ]
            },
            "notification-url": "https://packagist.org/downloads/",
            "license": [
                "BSD-3-Clause"
            ],
            "authors": [
                {
                    "name": "Phalcon Team",
                    "email": "team@phalconphp.com",
                    "homepage": "http://phalconphp.com/en/team"
                },
                {
                    "name": "Contributors",
                    "homepage": "https://github.com/phalcon/dd/graphs/contributors"
                }
            ],
            "description": "This package will add the `dd` and `dump` helpers to your Phalcon application.",
            "homepage": "https://github.com/phalcong/dd",
            "keywords": [
                "VarDumper",
                "dd",
                "debug",
                "dump",
                "phalcon",
                "utils"
            ],
            "time": "2017-05-06 17:11:54"
        }
    ],
    "aliases": [],
    "minimum-stability": "stable",
    "stability-flags": {
        "denchikby/phalcon-mongodb-odm": 20
    },
    "prefer-stable": false,
    "prefer-lowest": false,
    "platform": {
        "php": ">=5.5",
        "ext-phalcon": "~3.0"
    },
    "platform-dev": []
}
